
Microsoft Visual Studio Solution File, Format Version 12.00
# Visual Studio Version 17
VisualStudioVersion = 17.6.33829.357
MinimumVisualStudioVersion = 10.0.40219.1
Project("{FAE04EC0-301F-11D3-BF4B-00C04F79EFBC}") = "MoldOffsetRecord_SiPlet", "MoldOffsetRecord_SiPlet\MoldOffsetRecord_SiPlet.csproj", "{D3E67039-EB5B-46B7-9D5C-F110C1595886}"
EndProject
Global
	GlobalSection(SolutionConfigurationPlatforms) = preSolution
		Debug|Any CPU = Debug|Any CPU
		Release|Any CPU = Release|Any CPU
	EndGlobalSection
	GlobalSection(ProjectConfigurationPlatforms) = postSolution
		{D3E67039-EB5B-46B7-9D5C-F110C1595886}.Debug|Any CPU.ActiveCfg = Debug|Any CPU
		{D3E67039-EB5B-46B7-9D5C-F110C1595886}.Debug|Any CPU.Build.0 = Debug|Any CPU
		{D3E67039-EB5B-46B7-9D5C-F110C1595886}.Release|Any CPU.ActiveCfg = Release|Any CPU
		{D3E67039-EB5B-46B7-9D5C-F110C1595886}.Release|Any CPU.Build.0 = Release|Any CPU
	EndGlobalSection
	GlobalSection(SolutionProperties) = preSolution
		HideSolutionNode = FALSE
	EndGlobalSection
	GlobalSection(ExtensibilityGlobals) = postSolution
		SolutionGuid = {4B7F3E3A-D3FA-44EC-83C8-D121647B654E}
	EndGlobalSection
EndGlobal
